
Microsoft Visual Studio Solution File, Format Version 12.00
# Visual Studio Version 17
VisualStudioVersion = 17.7.34009.444
MinimumVisualStudioVersion = 10.0.40219.1
Project("{2150E333-8FDC-42A3-9474-1A3956D46DE8}") = "src", "src", "{7AAEF68D-D90E-413A-BCF4-15A012C6D6C9}"
EndProject
Project("{9A19103F-16F7-4668-BE54-9A1E7A4F7556}") = "Pronia.Domain", "Pronia.Domain\Pronia.Domain.csproj", "{8AAF86EA-AAF5-452B-92BB-2F5B2B57A12F}"
EndProject
Project("{2150E333-8FDC-42A3-9474-1A3956D46DE8}") = "Core", "Core", "{FB8BC381-4A76-4171-803C-72DF8F6AD035}"
EndProject
Project("{9A19103F-16F7-4668-BE54-9A1E7A4F7556}") = "Pronia.Application", "Pronia.Application\Pronia.Application.csproj", "{B2E2C2A7-AEA6-47AC-A63A-73FE27096E55}"
EndProject
Project("{2150E333-8FDC-42A3-9474-1A3956D46DE8}") = "Infrastructure", "Infrastructure", "{925D5466-76F6-4A7D-B12B-3926B01A9852}"
EndProject
Project("{9A19103F-16F7-4668-BE54-9A1E7A4F7556}") = "Pronia.Persistence", "Pronia.Persistence\Pronia.Persistence.csproj", "{5AF23C93-A019-4861-A332-12D5FFE690FA}"
EndProject
Project("{9A19103F-16F7-4668-BE54-9A1E7A4F7556}") = "Pronia.Infrastructure", "Pronia.Infrastructure\Pronia.Infrastructure.csproj", "{D0691FBF-9B93-4C36-9E0B-6212F13557C5}"
EndProject
Project("{2150E333-8FDC-42A3-9474-1A3956D46DE8}") = "Presentation", "Presentation", "{BBC78240-4EC2-402C-B3CB-9253C46DE91D}"
EndProject
Project("{9A19103F-16F7-4668-BE54-9A1E7A4F7556}") = "Pronia.Presentation", "Pestkit.Presentation\Pronia.Presentation.csproj", "{120F554F-D78F-425D-9F08-1C2F9BDD1E9F}"
EndProject
Global
	GlobalSection(SolutionConfigurationPlatforms) = preSolution
		Debug|Any CPU = Debug|Any CPU
		Release|Any CPU = Release|Any CPU
	EndGlobalSection
	GlobalSection(ProjectConfigurationPlatforms) = postSolution
		{8AAF86EA-AAF5-452B-92BB-2F5B2B57A12F}.Debug|Any CPU.ActiveCfg = Debug|Any CPU
		{8AAF86EA-AAF5-452B-92BB-2F5B2B57A12F}.Debug|Any CPU.Build.0 = Debug|Any CPU
		{8AAF86EA-AAF5-452B-92BB-2F5B2B57A12F}.Release|Any CPU.ActiveCfg = Release|Any CPU
		{8AAF86EA-AAF5-452B-92BB-2F5B2B57A12F}.Release|Any CPU.Build.0 = Release|Any CPU
		{B2E2C2A7-AEA6-47AC-A63A-73FE27096E55}.Debug|Any CPU.ActiveCfg = Debug|Any CPU
		{B2E2C2A7-AEA6-47AC-A63A-73FE27096E55}.Debug|Any CPU.Build.0 = Debug|Any CPU
		{B2E2C2A7-AEA6-47AC-A63A-73FE27096E55}.Release|Any CPU.ActiveCfg = Release|Any CPU
		{B2E2C2A7-AEA6-47AC-A63A-73FE27096E55}.Release|Any CPU.Build.0 = Release|Any CPU
		{5AF23C93-A019-4861-A332-12D5FFE690FA}.Debug|Any CPU.ActiveCfg = Debug|Any CPU
		{5AF23C93-A019-4861-A332-12D5FFE690FA}.Debug|Any CPU.Build.0 = Debug|Any CPU
		{5AF23C93-A019-4861-A332-12D5FFE690FA}.Release|Any CPU.ActiveCfg = Release|Any CPU
		{5AF23C93-A019-4861-A332-12D5FFE690FA}.Release|Any CPU.Build.0 = Release|Any CPU
		{D0691FBF-9B93-4C36-9E0B-6212F13557C5}.Debug|Any CPU.ActiveCfg = Debug|Any CPU
		{D0691FBF-9B93-4C36-9E0B-6212F13557C5}.Debug|Any CPU.Build.0 = Debug|Any CPU
		{D0691FBF-9B93-4C36-9E0B-6212F13557C5}.Release|Any CPU.ActiveCfg = Release|Any CPU
		{D0691FBF-9B93-4C36-9E0B-6212F13557C5}.Release|Any CPU.Build.0 = Release|Any CPU
		{120F554F-D78F-425D-9F08-1C2F9BDD1E9F}.Debug|Any CPU.ActiveCfg = Debug|Any CPU
		{120F554F-D78F-425D-9F08-1C2F9BDD1E9F}.Debug|Any CPU.Build.0 = Debug|Any CPU
		{120F554F-D78F-425D-9F08-1C2F9BDD1E9F}.Release|Any CPU.ActiveCfg = Release|Any CPU
		{120F554F-D78F-425D-9F08-1C2F9BDD1E9F}.Release|Any CPU.Build.0 = Release|Any CPU
	EndGlobalSection
	GlobalSection(SolutionProperties) = preSolution
		HideSolutionNode = FALSE
	EndGlobalSection
	GlobalSection(NestedProjects) = preSolution
		{8AAF86EA-AAF5-452B-92BB-2F5B2B57A12F} = {FB8BC381-4A76-4171-803C-72DF8F6AD035}
		{FB8BC381-4A76-4171-803C-72DF8F6AD035} = {7AAEF68D-D90E-413A-BCF4-15A012C6D6C9}
		{B2E2C2A7-AEA6-47AC-A63A-73FE27096E55} = {FB8BC381-4A76-4171-803C-72DF8F6AD035}
		{925D5466-76F6-4A7D-B12B-3926B01A9852} = {7AAEF68D-D90E-413A-BCF4-15A012C6D6C9}
		{5AF23C93-A019-4861-A332-12D5FFE690FA} = {925D5466-76F6-4A7D-B12B-3926B01A9852}
		{D0691FBF-9B93-4C36-9E0B-6212F13557C5} = {925D5466-76F6-4A7D-B12B-3926B01A9852}
		{BBC78240-4EC2-402C-B3CB-9253C46DE91D} = {7AAEF68D-D90E-413A-BCF4-15A012C6D6C9}
		{120F554F-D78F-425D-9F08-1C2F9BDD1E9F} = {BBC78240-4EC2-402C-B3CB-9253C46DE91D}
	EndGlobalSection
	GlobalSection(ExtensibilityGlobals) = postSolution
		SolutionGuid = {3D0502FF-5616-475C-BE7D-1038D8539F52}
	EndGlobalSection
EndGlobal
